
Microsoft Visual Studio Solution File, Format Version 12.00
Project("{FAE04EC0-301F-11D3-BF4B-00C04F79EFBC}") = "HSE_Lab_11-Nasretdinov", "HSE_Lab_11-Nasretdinov\HSE_Lab_11-Nasretdinov.csproj", "{CC1D06F9-CDF9-4F12-A2A5-5E2E66CA9045}"
EndProject
Global
	GlobalSection(SolutionConfigurationPlatforms) = preSolution
		Debug|Any CPU = Debug|Any CPU
		Release|Any CPU = Release|Any CPU
	EndGlobalSection
	GlobalSection(ProjectConfigurationPlatforms) = postSolution
		{CC1D06F9-CDF9-4F12-A2A5-5E2E66CA9045}.Debug|Any CPU.ActiveCfg = Debug|Any CPU
		{CC1D06F9-CDF9-4F12-A2A5-5E2E66CA9045}.Debug|Any CPU.Build.0 = Debug|Any CPU
		{CC1D06F9-CDF9-4F12-A2A5-5E2E66CA9045}.Release|Any CPU.ActiveCfg = Release|Any CPU
		{CC1D06F9-CDF9-4F12-A2A5-5E2E66CA9045}.Release|Any CPU.Build.0 = Release|Any CPU
	EndGlobalSection
EndGlobal
